
Microsoft Visual Studio Solution File, Format Version 12.00
Project("{FAE04EC0-301F-11D3-BF4B-00C04F79EFBC}") = "Core", "Core\Core.csproj", "{4B4CD17F-B5CF-4009-A9E9-C7FDBD0BC2A8}"
EndProject
Project("{FAE04EC0-301F-11D3-BF4B-00C04F79EFBC}") = "Framework", "Framework\Framework.csproj", "{9ECAA82A-9876-40A5-A61D-61B5539FB6F9}"
EndProject
Project("{FAE04EC0-301F-11D3-BF4B-00C04F79EFBC}") = "Shared.Kernel", "Shared.Kernel\Shared.Kernel.csproj", "{3027FCBC-B6C2-41F1-A380-2B68ABFE359F}"
EndProject
Project("{2150E333-8FDC-42A3-9474-1A3956D46DE8}") = "SolutionFolder", "SolutionFolder", "{4DB664FD-FEB8-4A17-AFF3-E6B1EFA8812A}"
	ProjectSection(SolutionItems) = preProject
		..\.env = ..\.env
		..\nuget.config = ..\nuget.config
	EndProjectSection
EndProject
Global
	GlobalSection(SolutionConfigurationPlatforms) = preSolution
		Debug|Any CPU = Debug|Any CPU
		Release|Any CPU = Release|Any CPU
	EndGlobalSection
	GlobalSection(ProjectConfigurationPlatforms) = postSolution
		{4B4CD17F-B5CF-4009-A9E9-C7FDBD0BC2A8}.Debug|Any CPU.ActiveCfg = Debug|Any CPU
		{4B4CD17F-B5CF-4009-A9E9-C7FDBD0BC2A8}.Debug|Any CPU.Build.0 = Debug|Any CPU
		{4B4CD17F-B5CF-4009-A9E9-C7FDBD0BC2A8}.Release|Any CPU.ActiveCfg = Release|Any CPU
		{4B4CD17F-B5CF-4009-A9E9-C7FDBD0BC2A8}.Release|Any CPU.Build.0 = Release|Any CPU
		{9ECAA82A-9876-40A5-A61D-61B5539FB6F9}.Debug|Any CPU.ActiveCfg = Debug|Any CPU
		{9ECAA82A-9876-40A5-A61D-61B5539FB6F9}.Debug|Any CPU.Build.0 = Debug|Any CPU
		{9ECAA82A-9876-40A5-A61D-61B5539FB6F9}.Release|Any CPU.ActiveCfg = Release|Any CPU
		{9ECAA82A-9876-40A5-A61D-61B5539FB6F9}.Release|Any CPU.Build.0 = Release|Any CPU
		{3027FCBC-B6C2-41F1-A380-2B68ABFE359F}.Debug|Any CPU.ActiveCfg = Debug|Any CPU
		{3027FCBC-B6C2-41F1-A380-2B68ABFE359F}.Debug|Any CPU.Build.0 = Debug|Any CPU
		{3027FCBC-B6C2-41F1-A380-2B68ABFE359F}.Release|Any CPU.ActiveCfg = Release|Any CPU
		{3027FCBC-B6C2-41F1-A380-2B68ABFE359F}.Release|Any CPU.Build.0 = Release|Any CPU
	EndGlobalSection
EndGlobal
