
Microsoft Visual Studio Solution File, Format Version 12.00
Project("{FAE04EC0-301F-11D3-BF4B-00C04F79EFBC}") = "AuthService.Web", "AuthService.Web\AuthService.Web.csproj", "{6FC5AE6E-B66C-47DB-AB59-73BC227893B4}"
EndProject
Project("{FAE04EC0-301F-11D3-BF4B-00C04F79EFBC}") = "AuthService.Infrastructure", "AuthService.Infrastructure\AuthService.Infrastructure.csproj", "{1EFC0B42-C41E-4314-9187-543DF7AFE466}"
EndProject
Project("{FAE04EC0-301F-11D3-BF4B-00C04F79EFBC}") = "AuthService.Domain", "AuthService.Domain\AuthService.Domain.csproj", "{4B4F0D0C-F2C4-4C3D-B904-B2371ECA457E}"
EndProject
Project("{FAE04EC0-301F-11D3-BF4B-00C04F79EFBC}") = "AuthService.Application", "AuthService.Application\AuthService.Application.csproj", "{35A995E6-5427-4E80-9588-42E8E0927A96}"
EndProject
Project("{FAE04EC0-301F-11D3-BF4B-00C04F79EFBC}") = "AuthService.Contracts", "AuthService.Contracts\AuthService.Contracts.csproj", "{2A11FB93-8BA3-4721-B4BC-6A84381F18BD}"
EndProject
Project("{2150E333-8FDC-42A3-9474-1A3956D46DE8}") = "Solution Folder", "Solution Folder", "{4FCE7438-799F-487D-8A0A-D818B7F5F5FE}"
	ProjectSection(SolutionItems) = preProject
		..\.env = ..\.env
		..\docker-compose.yml = ..\docker-compose.yml
		Dockerfile = Dockerfile
		.dockerignore = .dockerignore
		..\nuget.config = ..\nuget.config
	EndProjectSection
EndProject
Global
	GlobalSection(SolutionConfigurationPlatforms) = preSolution
		Debug|Any CPU = Debug|Any CPU
		Release|Any CPU = Release|Any CPU
	EndGlobalSection
	GlobalSection(ProjectConfigurationPlatforms) = postSolution
		{6FC5AE6E-B66C-47DB-AB59-73BC227893B4}.Debug|Any CPU.ActiveCfg = Debug|Any CPU
		{6FC5AE6E-B66C-47DB-AB59-73BC227893B4}.Debug|Any CPU.Build.0 = Debug|Any CPU
		{6FC5AE6E-B66C-47DB-AB59-73BC227893B4}.Release|Any CPU.ActiveCfg = Release|Any CPU
		{6FC5AE6E-B66C-47DB-AB59-73BC227893B4}.Release|Any CPU.Build.0 = Release|Any CPU
		{1EFC0B42-C41E-4314-9187-543DF7AFE466}.Debug|Any CPU.ActiveCfg = Debug|Any CPU
		{1EFC0B42-C41E-4314-9187-543DF7AFE466}.Debug|Any CPU.Build.0 = Debug|Any CPU
		{1EFC0B42-C41E-4314-9187-543DF7AFE466}.Release|Any CPU.ActiveCfg = Release|Any CPU
		{1EFC0B42-C41E-4314-9187-543DF7AFE466}.Release|Any CPU.Build.0 = Release|Any CPU
		{4B4F0D0C-F2C4-4C3D-B904-B2371ECA457E}.Debug|Any CPU.ActiveCfg = Debug|Any CPU
		{4B4F0D0C-F2C4-4C3D-B904-B2371ECA457E}.Debug|Any CPU.Build.0 = Debug|Any CPU
		{4B4F0D0C-F2C4-4C3D-B904-B2371ECA457E}.Release|Any CPU.ActiveCfg = Release|Any CPU
		{4B4F0D0C-F2C4-4C3D-B904-B2371ECA457E}.Release|Any CPU.Build.0 = Release|Any CPU
		{35A995E6-5427-4E80-9588-42E8E0927A96}.Debug|Any CPU.ActiveCfg = Debug|Any CPU
		{35A995E6-5427-4E80-9588-42E8E0927A96}.Debug|Any CPU.Build.0 = Debug|Any CPU
		{35A995E6-5427-4E80-9588-42E8E0927A96}.Release|Any CPU.ActiveCfg = Release|Any CPU
		{35A995E6-5427-4E80-9588-42E8E0927A96}.Release|Any CPU.Build.0 = Release|Any CPU
		{2A11FB93-8BA3-4721-B4BC-6A84381F18BD}.Debug|Any CPU.ActiveCfg = Debug|Any CPU
		{2A11FB93-8BA3-4721-B4BC-6A84381F18BD}.Debug|Any CPU.Build.0 = Debug|Any CPU
		{2A11FB93-8BA3-4721-B4BC-6A84381F18BD}.Release|Any CPU.ActiveCfg = Release|Any CPU
		{2A11FB93-8BA3-4721-B4BC-6A84381F18BD}.Release|Any CPU.Build.0 = Release|Any CPU
	EndGlobalSection
EndGlobal
